
Microsoft Visual Studio Solution File, Format Version 12.00
# Visual Studio Version 16
VisualStudioVersion = 16.0.31424.327
MinimumVisualStudioVersion = 10.0.40219.1
Project("{FAE04EC0-301F-11D3-BF4B-00C04F79EFBC}") = "Notificação", "Notificação.csproj", "{12E5EB9B-057A-4E4D-B28F-C88A180230AC}"
EndProject
Global
	GlobalSection(SolutionConfigurationPlatforms) = preSolution
		Debug|Any CPU = Debug|Any CPU
		Release|Any CPU = Release|Any CPU
	EndGlobalSection
	GlobalSection(ProjectConfigurationPlatforms) = postSolution
		{12E5EB9B-057A-4E4D-B28F-C88A180230AC}.Debug|Any CPU.ActiveCfg = Debug|Any CPU
		{12E5EB9B-057A-4E4D-B28F-C88A180230AC}.Debug|Any CPU.Build.0 = Debug|Any CPU
		{12E5EB9B-057A-4E4D-B28F-C88A180230AC}.Release|Any CPU.ActiveCfg = Release|Any CPU
		{12E5EB9B-057A-4E4D-B28F-C88A180230AC}.Release|Any CPU.Build.0 = Release|Any CPU
	EndGlobalSection
	GlobalSection(SolutionProperties) = preSolution
		HideSolutionNode = FALSE
	EndGlobalSection
	GlobalSection(ExtensibilityGlobals) = postSolution
		SolutionGuid = {146AC22B-F115-4CE8-94A6-2A6ABFDB1280}
	EndGlobalSection
EndGlobal
